
Microsoft Visual Studio Solution File, Format Version 12.00
# Visual Studio Version 17
VisualStudioVersion = 17.8.34330.188
MinimumVisualStudioVersion = 10.0.40219.1
Project("{9A19103F-16F7-4668-BE54-9A1E7A4F7556}") = "Client", "Client\Client.csproj", "{0C969154-91EA-4B26-AC23-BA6297E38D8B}"
EndProject
Project("{9A19103F-16F7-4668-BE54-9A1E7A4F7556}") = "Server", "Server\Server.csproj", "{4EB1C42A-3B4B-4FCB-B144-4D8618DAE060}"
EndProject
Project("{9A19103F-16F7-4668-BE54-9A1E7A4F7556}") = "MultiTask", "MultiTask\MultiTask.csproj", "{F54CCE0F-42C9-4E96-A37B-614D5D275199}"
EndProject
Project("{FAE04EC0-301F-11D3-BF4B-00C04F79EFBC}") = "MultiTask2", "MultiTask2\MultiTask2.csproj", "{C93AAB03-54D8-48EF-A2D0-C64829F7057F}"
EndProject
Project("{FAE04EC0-301F-11D3-BF4B-00C04F79EFBC}") = "ReadWriteFile", "ReadWriteFile\ReadWriteFile.csproj", "{F48CB063-8E37-47D6-96E4-E5BF18858AD6}"
EndProject
Global
	GlobalSection(SolutionConfigurationPlatforms) = preSolution
		Debug|Any CPU = Debug|Any CPU
		Release|Any CPU = Release|Any CPU
	EndGlobalSection
	GlobalSection(ProjectConfigurationPlatforms) = postSolution
		{0C969154-91EA-4B26-AC23-BA6297E38D8B}.Debug|Any CPU.ActiveCfg = Debug|Any CPU
		{0C969154-91EA-4B26-AC23-BA6297E38D8B}.Debug|Any CPU.Build.0 = Debug|Any CPU
		{0C969154-91EA-4B26-AC23-BA6297E38D8B}.Release|Any CPU.ActiveCfg = Release|Any CPU
		{0C969154-91EA-4B26-AC23-BA6297E38D8B}.Release|Any CPU.Build.0 = Release|Any CPU
		{4EB1C42A-3B4B-4FCB-B144-4D8618DAE060}.Debug|Any CPU.ActiveCfg = Debug|Any CPU
		{4EB1C42A-3B4B-4FCB-B144-4D8618DAE060}.Debug|Any CPU.Build.0 = Debug|Any CPU
		{4EB1C42A-3B4B-4FCB-B144-4D8618DAE060}.Release|Any CPU.ActiveCfg = Release|Any CPU
		{4EB1C42A-3B4B-4FCB-B144-4D8618DAE060}.Release|Any CPU.Build.0 = Release|Any CPU
		{F54CCE0F-42C9-4E96-A37B-614D5D275199}.Debug|Any CPU.ActiveCfg = Debug|Any CPU
		{F54CCE0F-42C9-4E96-A37B-614D5D275199}.Debug|Any CPU.Build.0 = Debug|Any CPU
		{F54CCE0F-42C9-4E96-A37B-614D5D275199}.Release|Any CPU.ActiveCfg = Release|Any CPU
		{F54CCE0F-42C9-4E96-A37B-614D5D275199}.Release|Any CPU.Build.0 = Release|Any CPU
		{C93AAB03-54D8-48EF-A2D0-C64829F7057F}.Debug|Any CPU.ActiveCfg = Debug|Any CPU
		{C93AAB03-54D8-48EF-A2D0-C64829F7057F}.Debug|Any CPU.Build.0 = Debug|Any CPU
		{C93AAB03-54D8-48EF-A2D0-C64829F7057F}.Release|Any CPU.ActiveCfg = Release|Any CPU
		{C93AAB03-54D8-48EF-A2D0-C64829F7057F}.Release|Any CPU.Build.0 = Release|Any CPU
		{F48CB063-8E37-47D6-96E4-E5BF18858AD6}.Debug|Any CPU.ActiveCfg = Debug|Any CPU
		{F48CB063-8E37-47D6-96E4-E5BF18858AD6}.Debug|Any CPU.Build.0 = Debug|Any CPU
		{F48CB063-8E37-47D6-96E4-E5BF18858AD6}.Release|Any CPU.ActiveCfg = Release|Any CPU
		{F48CB063-8E37-47D6-96E4-E5BF18858AD6}.Release|Any CPU.Build.0 = Release|Any CPU
	EndGlobalSection
	GlobalSection(SolutionProperties) = preSolution
		HideSolutionNode = FALSE
	EndGlobalSection
	GlobalSection(ExtensibilityGlobals) = postSolution
		SolutionGuid = {6C5A5502-A297-4C5B-B2B3-D3AF8BD4AC03}
	EndGlobalSection
EndGlobal
